
Microsoft Visual Studio Solution File, Format Version 12.00
# Visual Studio 14
VisualStudioVersion = 14.0.25420.1
MinimumVisualStudioVersion = 10.0.40219.1
Project("{159641D6-6404-4A2A-AE62-294DE0FE8301}") = "SisDP.ETL.Carga", "CargaStageSisDP\SisDP.ETL.Carga.dtproj", "{0AF3AB1A-3ACE-4EEF-A0F4-396370661918}"
EndProject
Global
	GlobalSection(SolutionConfigurationPlatforms) = preSolution
		Development|Default = Development|Default
	EndGlobalSection
	GlobalSection(ProjectConfigurationPlatforms) = postSolution
		{0AF3AB1A-3ACE-4EEF-A0F4-396370661918}.Development|Default.ActiveCfg = Development
		{0AF3AB1A-3ACE-4EEF-A0F4-396370661918}.Development|Default.Build.0 = Development
	EndGlobalSection
	GlobalSection(SolutionProperties) = preSolution
		HideSolutionNode = FALSE
	EndGlobalSection
	GlobalSection(TeamFoundationVersionControl) = preSolution
		SccNumberOfProjects = 2
		SccEnterpriseProvider = {4CA58AB2-18FA-4F8D-95D4-32DDF27D184C}
		SccTeamFoundationServer = https://vitorsql.visualstudio.com/DefaultCollection
		SccLocalPath0 = .
		SccProjectUniqueName1 = CargaStageSisDP\\SisDP.ETL.Carga.dtproj
		SccProjectName1 = CargaStageSisDP
		SccLocalPath1 = CargaStageSisDP
	EndGlobalSection
EndGlobal
